
Microsoft Visual Studio Solution File, Format Version 12.00
# Visual Studio Version 17
VisualStudioVersion = 17.14.36414.22 d17.14
MinimumVisualStudioVersion = 10.0.40219.1
Project("{FAE04EC0-301F-11D3-BF4B-00C04F79EFBC}") = "hhmDapper Test3", "hhmDapper Test3\hhmDapper Test3.csproj", "{E0F623C4-1BFC-4EFC-A0CF-F273A0697CCD}"
EndProject
Global
	GlobalSection(SolutionConfigurationPlatforms) = preSolution
		Debug|Any CPU = Debug|Any CPU
		Release|Any CPU = Release|Any CPU
	EndGlobalSection
	GlobalSection(ProjectConfigurationPlatforms) = postSolution
		{E0F623C4-1BFC-4EFC-A0CF-F273A0697CCD}.Debug|Any CPU.ActiveCfg = Debug|Any CPU
		{E0F623C4-1BFC-4EFC-A0CF-F273A0697CCD}.Debug|Any CPU.Build.0 = Debug|Any CPU
		{E0F623C4-1BFC-4EFC-A0CF-F273A0697CCD}.Release|Any CPU.ActiveCfg = Release|Any CPU
		{E0F623C4-1BFC-4EFC-A0CF-F273A0697CCD}.Release|Any CPU.Build.0 = Release|Any CPU
	EndGlobalSection
	GlobalSection(SolutionProperties) = preSolution
		HideSolutionNode = FALSE
	EndGlobalSection
	GlobalSection(ExtensibilityGlobals) = postSolution
		SolutionGuid = {856C5C4E-33E6-4857-B9D8-9AC02D954226}
	EndGlobalSection
EndGlobal
